{
  "version": "3",
  "remote": {
    "https://esm.sh/cheerio@1.0.0-rc.12": "8bd21e5b41c13e6d88d1be54e1dbee79625ebb58057fe0935414684217b9bceb",
    "https://esm.sh/v135/ajv-formats@2.1.1/denonext/ajv-formats.mjs": "06092e00b42202633ae6dab4b53287c133af882ddb14c6707277cdb237634967",
    "https://esm.sh/v135/ajv@8.10.0/denonext/ajv.mjs": "0e234ea58665de9a2f84cc7d8f2b9c27ec3b9549188926d20dca646daec704b1",
    "https://esm.sh/v135/ajv@8.12.0/denonext/ajv.mjs": "4645df9093d0f8be0e964070a4a7aea8adea06e8883660340931f7a3f979fc65",
    "https://esm.sh/v135/ajv@8.12.0/denonext/dist/compile/codegen.js": "d981238e5b1e78217e1c6db59cbd594369279722c608ed630d08717ee44edd84",
    "https://esm.sh/v135/boolbase@1.0.0/denonext/boolbase.mjs": "4e3bd67e9b1c5c55094eae98345d0107c6a44ef57bd3d4b9579698fa44722280",
    "https://esm.sh/v135/cheerio-select@2.1.0/denonext/cheerio-select.mjs": "5b882e2ef61d79044badb386948403758e0b171f54bcd2f4975c502c8096a2df",
    "https://esm.sh/v135/cheerio@1.0.0-rc.12/denonext/cheerio.mjs": "857011c7a0c086bf86d6215e73851251dce13d4489d82b9a614de34d2696ce41",
    "https://esm.sh/v135/cheerio@1.0.0-rc.12/denonext/lib/utils.js": "23db4ab02bf34f134210e809b1bd4e8bc0115ce79dc0581d7a47e1a6b39fb379",
    "https://esm.sh/v135/css-select@5.1.0/denonext/css-select.mjs": "7f4fb680eff2223a68fb5a1efa12e905077d7e6c44ae66c01fc437fe7af58f8b",
    "https://esm.sh/v135/css-what@6.1.0/denonext/css-what.mjs": "283d02df6fef73d3223b55324b559b363dd0e4c008ea1efbcf9f14b8f2642202",
    "https://esm.sh/v135/dom-serializer@2.0.0/denonext/dom-serializer.mjs": "700001f5fdb9f72fc7d1f169be700489ddd7f19489b58b6e8691ff1fca9000fe",
    "https://esm.sh/v135/domelementtype@2.3.0/denonext/domelementtype.mjs": "371936c356d5ac797f2ce3a66b98dfc73e6fff0e095b2858b85668e6ad7d10e0",
    "https://esm.sh/v135/domhandler@5.0.3/denonext/domhandler.mjs": "8c6e56c4596bbe7e9fd9d615f8fcdec7f11075f217bdc966a02ebe89c01b9f6f",
    "https://esm.sh/v135/domutils@3.1.0/denonext/domutils.mjs": "2a86554cc5f543a068bbf6ea6ed0647f4ad4c3ccb555f0da9fae09180cd7b611",
    "https://esm.sh/v135/entities@4.5.0/denonext/entities.mjs": "a9e8f9c22022c34755d1189030ac30c68545ccf8532fa32654c50fe9d90a13a1",
    "https://esm.sh/v135/entities@4.5.0/denonext/lib/decode.js": "7fea6d8bd725edbbf7ea05031d2ea1bbbc1166dc11e3345d541198dd2dc16f1e",
    "https://esm.sh/v135/entities@4.5.0/denonext/lib/escape.js": "7ebdc622bf3618bab25db40da4a49e2b9d03f044745f125f0bc3359f2d060def",
    "https://esm.sh/v135/fast-deep-equal@3.1.3/denonext/fast-deep-equal.mjs": "6313b3e05436550e1c0aeb2a282206b9b8d9213b4c6f247964dd7bb4835fb9e5",
    "https://esm.sh/v135/htmlparser2@8.0.2/denonext/htmlparser2.mjs": "219a31d81c87d8ea21bec9be33d0d03bb8942c8b79fb8b9e2e6a05b826fc24dc",
    "https://esm.sh/v135/json-schema-traverse@1.0.0/denonext/json-schema-traverse.mjs": "c5da8353bc014e49ebbb1a2c0162d29969a14c325da19644e511f96ba670cc45",
    "https://esm.sh/v135/node_fetch.js": "b11355358cf61343a3c30bd5942df60a3586d13e2c979b515164bfe851662798",
    "https://esm.sh/v135/nth-check@2.1.1/denonext/nth-check.mjs": "638b4f5a22236cd05c7d1d43e5c6ea719695c4a8bc7beccdf8d97a434bea96dc",
    "https://esm.sh/v135/parse5-htmlparser2-tree-adapter@7.0.0/denonext/parse5-htmlparser2-tree-adapter.mjs": "2e8c24c6859e24e7c0f1e634574f8c014860868a603e85430b98212460e25091",
    "https://esm.sh/v135/parse5@7.1.2/denonext/parse5.mjs": "35bb04ec36a1c25c8cd8137296d64d16fd523a8ad1c2b63c41ba867fcd455c36",
    "https://esm.sh/v135/psl@1.9.0/denonext/psl.mjs": "f40e9bcba5f6602eeb677f85f8e2b5c24b706bade58ced5b272044ebea609d9b",
    "https://esm.sh/v135/querystringify@2.2.0/denonext/querystringify.mjs": "4f0f639f99ec4a7ddaffb886bd7e6f3fe4b088e1fcd60336dd10d447d2093ef6",
    "https://esm.sh/v135/requires-port@1.0.0/denonext/requires-port.mjs": "c4f20b71539d08fc2662d75dfd79881fce985a0e4592268f18ac13bf53679efa",
    "https://esm.sh/v135/tough-cookie@4.1.3/denonext/tough-cookie.mjs": "7a447feec9dd2fafda251963738b91a7ed4608c5f011bce15147022fc9071bac",
    "https://esm.sh/v135/tough-cookie@4.1.4/denonext/tough-cookie.mjs": "ae1e1d4b4e06675b732f72306588719bbb65c5345fd0ccb5cceca2833ec08992",
    "https://esm.sh/v135/universalify@0.2.0/denonext/universalify.mjs": "6ebb2a9b372d4ae89f494d9b0044942dc76a5b5fb366ab3018e2bf0aeb8eae94",
    "https://esm.sh/v135/uri-js@4.4.1/denonext/uri-js.mjs": "901d462f9db207376b39ec603d841d87e6b9e9568ce97dfaab12aa77d0f99f74",
    "https://esm.sh/v135/url-parse@1.5.10/denonext/url-parse.mjs": "10fa48a00b5d02da3cbe666df4a6e7f57d81d178cda8beff676ffc8cfd9ea7a1",
    "https://esm.sh/v135/yahoo-finance2@2.4.3/denonext/dist/esm/src/lib/fetchDevel.js": "4298c7af43ffbf2e176df34d7fda7deeffd6510beff778b189f4e5c7d1d0664a",
    "https://esm.sh/v135/yahoo-finance2@2.4.3/denonext/yahoo-finance2.mjs": "9b0541e8e062b0f181043df592546b3547b6129700ffa1119d965a0bf69b2d9c",
    "https://esm.sh/yahoo-finance2@2.4.3": "59d8489b949f4ec676f26242252dbdfff742a1e3d74dd70e879a607be940ad5c"
  }
}
